
Microsoft Visual Studio Solution File, Format Version 12.00
# Visual Studio Version 16
VisualStudioVersion = 16.0.29409.12
MinimumVisualStudioVersion = 10.0.40219.1
Project("{9A19103F-16F7-4668-BE54-9A1E7A4F7556}") = "LXP.api", "LXP.api\LXP.api.csproj", "{644DC683-5D41-48D2-AB9B-4255D1341DFA}"
EndProject
Project("{FAE04EC0-301F-11D3-BF4B-00C04F79EFBC}") = "lxpTest", "lxpTest\lxpTest.csproj", "{2648F76C-08D2-4B09-9FD4-30CC5B3D4E40}"
EndProject
Global
	GlobalSection(SolutionConfigurationPlatforms) = preSolution
		Debug|Any CPU = Debug|Any CPU
		Release|Any CPU = Release|Any CPU
	EndGlobalSection
	GlobalSection(ProjectConfigurationPlatforms) = postSolution
		{644DC683-5D41-48D2-AB9B-4255D1341DFA}.Debug|Any CPU.ActiveCfg = Debug|Any CPU
		{644DC683-5D41-48D2-AB9B-4255D1341DFA}.Debug|Any CPU.Build.0 = Debug|Any CPU
		{644DC683-5D41-48D2-AB9B-4255D1341DFA}.Release|Any CPU.ActiveCfg = Release|Any CPU
		{644DC683-5D41-48D2-AB9B-4255D1341DFA}.Release|Any CPU.Build.0 = Release|Any CPU
		{2648F76C-08D2-4B09-9FD4-30CC5B3D4E40}.Debug|Any CPU.ActiveCfg = Debug|Any CPU
		{2648F76C-08D2-4B09-9FD4-30CC5B3D4E40}.Debug|Any CPU.Build.0 = Debug|Any CPU
		{2648F76C-08D2-4B09-9FD4-30CC5B3D4E40}.Release|Any CPU.ActiveCfg = Release|Any CPU
		{2648F76C-08D2-4B09-9FD4-30CC5B3D4E40}.Release|Any CPU.Build.0 = Release|Any CPU
	EndGlobalSection
	GlobalSection(SolutionProperties) = preSolution
		HideSolutionNode = FALSE
	EndGlobalSection
	GlobalSection(ExtensibilityGlobals) = postSolution
		SolutionGuid = {2B63C012-C525-48F1-BE25-036A0BF23EDD}
	EndGlobalSection
EndGlobal
